
Microsoft Visual Studio Solution File, Format Version 12.00
# Visual Studio Version 17
VisualStudioVersion = 17.0.31903.59
MinimumVisualStudioVersion = 10.0.40219.1
Project("{FAE04EC0-301F-11D3-BF4B-00C04F79EFBC}") = "BirdWatcher", "BirdWatcher\BirdWatcher.csproj", "{71BC0CF4-BD27-4500-8172-337859B4346B}"
EndProject
Global
	GlobalSection(SolutionConfigurationPlatforms) = preSolution
		Debug|Any CPU = Debug|Any CPU
		Release|Any CPU = Release|Any CPU
	EndGlobalSection
	GlobalSection(ProjectConfigurationPlatforms) = postSolution
		{71BC0CF4-BD27-4500-8172-337859B4346B}.Debug|Any CPU.ActiveCfg = Debug|Any CPU
		{71BC0CF4-BD27-4500-8172-337859B4346B}.Debug|Any CPU.Build.0 = Debug|Any CPU
		{71BC0CF4-BD27-4500-8172-337859B4346B}.Release|Any CPU.ActiveCfg = Release|Any CPU
		{71BC0CF4-BD27-4500-8172-337859B4346B}.Release|Any CPU.Build.0 = Release|Any CPU
	EndGlobalSection
	GlobalSection(SolutionProperties) = preSolution
		HideSolutionNode = FALSE
	EndGlobalSection
	GlobalSection(ExtensibilityGlobals) = postSolution
		SolutionGuid = {A4C421BD-26B9-4E8D-8E81-A15B8AE96325}
	EndGlobalSection
EndGlobal
